<?xml version="1.0" encoding="utf-8"?>
<Project ToolsVersion="4.0" xmlns="http://schemas.microsoft.com/developer/msbuild/2003">
  <ItemGroup>
    <Filter Include="src">
      <UniqueIdentifier>{4FC737F1-C7A5-4376-A066-2A32D752A2FF}</UniqueIdentifier>
      <Extensions>cpp;c;cc;cxx;c++;cppm;ixx;def;odl;idl;hpj;bat;asm;asmx</Extensions>
    </Filter>
    <Filter Include="src\Engine">
      <UniqueIdentifier>{a2218bd9-3e4d-4703-b07d-996e7283d9f8}</UniqueIdentifier>
    </Filter>
    <Filter Include="src\Common">
      <UniqueIdentifier>{66b6af13-0e3f-4298-b879-19c427b64d93}</UniqueIdentifier>
    </Filter>
    <Filter Include="src\Game">
      <UniqueIdentifier>{dae79c81-d153-42f9-9515-81e28ef2a55c}</UniqueIdentifier>
    </Filter>
  </ItemGroup>
  <ItemGroup>
    <ClCompile Include="src\Engine\Engine.cpp">
      <Filter>src\Engine</Filter>
    </ClCompile>
    <ClCompile Include="src\winAudio.cpp">
      <Filter>src</Filter>
    </ClCompile>
    <ClCompile Include="src\winmain.cpp">
      <Filter>src</Filter>
    </ClCompile>
    <ClCompile Include="src\winGraphics.cpp">
      <Filter>src</Filter>
    </ClCompile>
    <ClCompile Include="src\Game\Scene01.cpp">
      <Filter>src\Game</Filter>
    </ClCompile>
    <ClCompile Include="src\Engine\Audio.cpp">
      <Filter>src\Engine</Filter>
    </ClCompile>
    <ClCompile Include="src\Engine\Camera.cpp">
      <Filter>src\Engine</Filter>
    </ClCompile>
    <ClCompile Include="src\Engine\Graphics.cpp">
      <Filter>src\Engine</Filter>
    </ClCompile>
    <ClCompile Include="src\Game\ShipControl.cpp">
      <Filter>src\Game</Filter>
    </ClCompile>
    <ClCompile Include="src\Common\Math.cpp">
      <Filter>src\Common</Filter>
    </ClCompile>
    <ClCompile Include="src\Common\Vector.cpp">
      <Filter>src\Common</Filter>
    </ClCompile>
    <ClCompile Include="src\Game\ShipMesh.cpp">
      <Filter>src\Game</Filter>
    </ClCompile>
  </ItemGroup>
  <ItemGroup>
    <ClInclude Include="src\Engine\Engine.h">
      <Filter>src\Engine</Filter>
    </ClInclude>
    <ClInclude Include="src\Common\Globals.h">
      <Filter>src\Common</Filter>
    </ClInclude>
    <ClInclude Include="src\Common\Perf.h">
      <Filter>src\Common</Filter>
    </ClInclude>
    <ClInclude Include="src\winAudio.h">
      <Filter>src</Filter>
    </ClInclude>
    <ClInclude Include="src\winGraphics.h">
      <Filter>src</Filter>
    </ClInclude>
    <ClInclude Include="src\Common\RingBuffer.h">
      <Filter>src\Common</Filter>
    </ClInclude>
    <ClInclude Include="src\Game\Scene01.h">
      <Filter>src\Game</Filter>
    </ClInclude>
    <ClInclude Include="src\Engine\Audio.h">
      <Filter>src\Engine</Filter>
    </ClInclude>
    <ClInclude Include="src\Engine\Camera.h">
      <Filter>src\Engine</Filter>
    </ClInclude>
    <ClInclude Include="src\Engine\Graphics.h">
      <Filter>src\Engine</Filter>
    </ClInclude>
    <ClInclude Include="src\Game\ShipControl.h">
      <Filter>src\Game</Filter>
    </ClInclude>
    <ClInclude Include="src\Common\Math.h">
      <Filter>src\Common</Filter>
    </ClInclude>
    <ClInclude Include="src\Common\Vector.h">
      <Filter>src\Common</Filter>
    </ClInclude>
    <ClInclude Include="src\Game\ShipMesh.h">
      <Filter>src\Game</Filter>
    </ClInclude>
  </ItemGroup>
</Project>